
Microsoft Visual Studio Solution File, Format Version 12.00
# Visual Studio 15
VisualStudioVersion = 15.0.27130.2026
MinimumVisualStudioVersion = 10.0.40219.1
Project("{FAE04EC0-301F-11D3-BF4B-00C04F79EFBC}") = "Programa 6", "Programa 6\Programa 6.csproj", "{2EF2DC0F-F658-4D3B-8A88-BC91F0EBD32D}"
EndProject
Global
	GlobalSection(SolutionConfigurationPlatforms) = preSolution
		Debug|Any CPU = Debug|Any CPU
		Release|Any CPU = Release|Any CPU
	EndGlobalSection
	GlobalSection(ProjectConfigurationPlatforms) = postSolution
		{2EF2DC0F-F658-4D3B-8A88-BC91F0EBD32D}.Debug|Any CPU.ActiveCfg = Debug|Any CPU
		{2EF2DC0F-F658-4D3B-8A88-BC91F0EBD32D}.Debug|Any CPU.Build.0 = Debug|Any CPU
		{2EF2DC0F-F658-4D3B-8A88-BC91F0EBD32D}.Release|Any CPU.ActiveCfg = Release|Any CPU
		{2EF2DC0F-F658-4D3B-8A88-BC91F0EBD32D}.Release|Any CPU.Build.0 = Release|Any CPU
	EndGlobalSection
	GlobalSection(SolutionProperties) = preSolution
		HideSolutionNode = FALSE
	EndGlobalSection
	GlobalSection(ExtensibilityGlobals) = postSolution
		SolutionGuid = {8063FE3B-3385-40E1-B304-0BD247E83956}
	EndGlobalSection
EndGlobal
