
Microsoft Visual Studio Solution File, Format Version 12.00
# Visual Studio 15
VisualStudioVersion = 15.0.27130.2026
MinimumVisualStudioVersion = 10.0.40219.1
Project("{FAE04EC0-301F-11D3-BF4B-00C04F79EFBC}") = "practicasCSharp", "practicasCSharp\practicasCSharp.csproj", "{7C7ACC36-C5DD-43FF-AEDF-4E066C068B52}"
EndProject
Global
	GlobalSection(SolutionConfigurationPlatforms) = preSolution
		Debug|Any CPU = Debug|Any CPU
		Release|Any CPU = Release|Any CPU
	EndGlobalSection
	GlobalSection(ProjectConfigurationPlatforms) = postSolution
		{7C7ACC36-C5DD-43FF-AEDF-4E066C068B52}.Debug|Any CPU.ActiveCfg = Debug|Any CPU
		{7C7ACC36-C5DD-43FF-AEDF-4E066C068B52}.Debug|Any CPU.Build.0 = Debug|Any CPU
		{7C7ACC36-C5DD-43FF-AEDF-4E066C068B52}.Release|Any CPU.ActiveCfg = Release|Any CPU
		{7C7ACC36-C5DD-43FF-AEDF-4E066C068B52}.Release|Any CPU.Build.0 = Release|Any CPU
	EndGlobalSection
	GlobalSection(SolutionProperties) = preSolution
		HideSolutionNode = FALSE
	EndGlobalSection
	GlobalSection(ExtensibilityGlobals) = postSolution
		SolutionGuid = {DD9E4DB1-DF84-4478-9484-312A43981984}
	EndGlobalSection
EndGlobal
