
Microsoft Visual Studio Solution File, Format Version 12.00
# Visual Studio 15
VisualStudioVersion = 15.0.27130.2026
MinimumVisualStudioVersion = 10.0.40219.1
Project("{FAE04EC0-301F-11D3-BF4B-00C04F79EFBC}") = "programa3SI", "programa3SI\programa3SI.csproj", "{A9D8D396-3048-44C7-AEAE-CF1A3762528E}"
EndProject
Global
	GlobalSection(SolutionConfigurationPlatforms) = preSolution
		Debug|Any CPU = Debug|Any CPU
		Release|Any CPU = Release|Any CPU
	EndGlobalSection
	GlobalSection(ProjectConfigurationPlatforms) = postSolution
		{A9D8D396-3048-44C7-AEAE-CF1A3762528E}.Debug|Any CPU.ActiveCfg = Debug|Any CPU
		{A9D8D396-3048-44C7-AEAE-CF1A3762528E}.Debug|Any CPU.Build.0 = Debug|Any CPU
		{A9D8D396-3048-44C7-AEAE-CF1A3762528E}.Release|Any CPU.ActiveCfg = Release|Any CPU
		{A9D8D396-3048-44C7-AEAE-CF1A3762528E}.Release|Any CPU.Build.0 = Release|Any CPU
	EndGlobalSection
	GlobalSection(SolutionProperties) = preSolution
		HideSolutionNode = FALSE
	EndGlobalSection
	GlobalSection(ExtensibilityGlobals) = postSolution
		SolutionGuid = {1311155B-B8B0-4299-A9BC-AD600380848C}
	EndGlobalSection
EndGlobal
