
Microsoft Visual Studio Solution File, Format Version 12.00
# Visual Studio 15
VisualStudioVersion = 15.0.27130.2026
MinimumVisualStudioVersion = 10.0.40219.1
Project("{FAE04EC0-301F-11D3-BF4B-00C04F79EFBC}") = "Programa_Convertir_Binario", "Programa_Convertir_Binario\Programa_Convertir_Binario.csproj", "{8B253CE3-94EE-4E30-883B-F0E15EEC1D3E}"
EndProject
Global
	GlobalSection(SolutionConfigurationPlatforms) = preSolution
		Debug|Any CPU = Debug|Any CPU
		Release|Any CPU = Release|Any CPU
	EndGlobalSection
	GlobalSection(ProjectConfigurationPlatforms) = postSolution
		{8B253CE3-94EE-4E30-883B-F0E15EEC1D3E}.Debug|Any CPU.ActiveCfg = Debug|Any CPU
		{8B253CE3-94EE-4E30-883B-F0E15EEC1D3E}.Debug|Any CPU.Build.0 = Debug|Any CPU
		{8B253CE3-94EE-4E30-883B-F0E15EEC1D3E}.Release|Any CPU.ActiveCfg = Release|Any CPU
		{8B253CE3-94EE-4E30-883B-F0E15EEC1D3E}.Release|Any CPU.Build.0 = Release|Any CPU
	EndGlobalSection
	GlobalSection(SolutionProperties) = preSolution
		HideSolutionNode = FALSE
	EndGlobalSection
	GlobalSection(ExtensibilityGlobals) = postSolution
		SolutionGuid = {2D5E1DD4-7DD1-4929-9683-821EBB5C304B}
	EndGlobalSection
EndGlobal
