
Microsoft Visual Studio Solution File, Format Version 12.00
# Visual Studio 15
VisualStudioVersion = 15.0.27130.2026
MinimumVisualStudioVersion = 10.0.40219.1
Project("{FAE04EC0-301F-11D3-BF4B-00C04F79EFBC}") = "Convierte", "Convierte\Convierte.csproj", "{FEB46368-16A2-459F-AD95-3418A9DBFFB8}"
EndProject
Global
	GlobalSection(SolutionConfigurationPlatforms) = preSolution
		Debug|Any CPU = Debug|Any CPU
		Release|Any CPU = Release|Any CPU
	EndGlobalSection
	GlobalSection(ProjectConfigurationPlatforms) = postSolution
		{FEB46368-16A2-459F-AD95-3418A9DBFFB8}.Debug|Any CPU.ActiveCfg = Debug|Any CPU
		{FEB46368-16A2-459F-AD95-3418A9DBFFB8}.Debug|Any CPU.Build.0 = Debug|Any CPU
		{FEB46368-16A2-459F-AD95-3418A9DBFFB8}.Release|Any CPU.ActiveCfg = Release|Any CPU
		{FEB46368-16A2-459F-AD95-3418A9DBFFB8}.Release|Any CPU.Build.0 = Release|Any CPU
	EndGlobalSection
	GlobalSection(SolutionProperties) = preSolution
		HideSolutionNode = FALSE
	EndGlobalSection
	GlobalSection(ExtensibilityGlobals) = postSolution
		SolutionGuid = {D7BA365A-B0F5-4714-92DA-AB3718504FF4}
	EndGlobalSection
EndGlobal
