
Microsoft Visual Studio Solution File, Format Version 12.00
# Visual Studio 15
VisualStudioVersion = 15.0.27130.2026
MinimumVisualStudioVersion = 10.0.40219.1
Project("{FAE04EC0-301F-11D3-BF4B-00C04F79EFBC}") = "xd", "xd\xd.csproj", "{DF88300A-AFB7-4638-B505-E3A42337C6B0}"
EndProject
Global
	GlobalSection(SolutionConfigurationPlatforms) = preSolution
		Debug|Any CPU = Debug|Any CPU
		Release|Any CPU = Release|Any CPU
	EndGlobalSection
	GlobalSection(ProjectConfigurationPlatforms) = postSolution
		{DF88300A-AFB7-4638-B505-E3A42337C6B0}.Debug|Any CPU.ActiveCfg = Debug|Any CPU
		{DF88300A-AFB7-4638-B505-E3A42337C6B0}.Debug|Any CPU.Build.0 = Debug|Any CPU
		{DF88300A-AFB7-4638-B505-E3A42337C6B0}.Release|Any CPU.ActiveCfg = Release|Any CPU
		{DF88300A-AFB7-4638-B505-E3A42337C6B0}.Release|Any CPU.Build.0 = Release|Any CPU
	EndGlobalSection
	GlobalSection(SolutionProperties) = preSolution
		HideSolutionNode = FALSE
	EndGlobalSection
	GlobalSection(ExtensibilityGlobals) = postSolution
		SolutionGuid = {7012BF89-271D-46BA-BCA9-6E32F8964735}
	EndGlobalSection
EndGlobal
