
Microsoft Visual Studio Solution File, Format Version 12.00
# Visual Studio 15
VisualStudioVersion = 15.0.27130.2026
MinimumVisualStudioVersion = 10.0.40219.1
Project("{FAE04EC0-301F-11D3-BF4B-00C04F79EFBC}") = "Lambdas", "Lambdas\Lambdas.csproj", "{C9215A56-5220-4E08-A32B-1678606A2461}"
EndProject
Global
	GlobalSection(SolutionConfigurationPlatforms) = preSolution
		Debug|Any CPU = Debug|Any CPU
		Release|Any CPU = Release|Any CPU
	EndGlobalSection
	GlobalSection(ProjectConfigurationPlatforms) = postSolution
		{C9215A56-5220-4E08-A32B-1678606A2461}.Debug|Any CPU.ActiveCfg = Debug|Any CPU
		{C9215A56-5220-4E08-A32B-1678606A2461}.Debug|Any CPU.Build.0 = Debug|Any CPU
		{C9215A56-5220-4E08-A32B-1678606A2461}.Release|Any CPU.ActiveCfg = Release|Any CPU
		{C9215A56-5220-4E08-A32B-1678606A2461}.Release|Any CPU.Build.0 = Release|Any CPU
	EndGlobalSection
	GlobalSection(SolutionProperties) = preSolution
		HideSolutionNode = FALSE
	EndGlobalSection
	GlobalSection(ExtensibilityGlobals) = postSolution
		SolutionGuid = {DA2A4CB4-6F19-42EA-B5F2-9E810CEDBC01}
	EndGlobalSection
EndGlobal
