
Microsoft Visual Studio Solution File, Format Version 12.00
# Visual Studio 15
VisualStudioVersion = 15.0.27130.2026
MinimumVisualStudioVersion = 10.0.40219.1
Project("{FAE04EC0-301F-11D3-BF4B-00C04F79EFBC}") = "Segundo_Programa1_Estacionamiento", "Segundo_Programa1_Estacionamiento\Segundo_Programa1_Estacionamiento.csproj", "{56E3058B-23C7-4F1C-8E19-83C7E38DC8D7}"
EndProject
Global
	GlobalSection(SolutionConfigurationPlatforms) = preSolution
		Debug|Any CPU = Debug|Any CPU
		Release|Any CPU = Release|Any CPU
	EndGlobalSection
	GlobalSection(ProjectConfigurationPlatforms) = postSolution
		{56E3058B-23C7-4F1C-8E19-83C7E38DC8D7}.Debug|Any CPU.ActiveCfg = Debug|Any CPU
		{56E3058B-23C7-4F1C-8E19-83C7E38DC8D7}.Debug|Any CPU.Build.0 = Debug|Any CPU
		{56E3058B-23C7-4F1C-8E19-83C7E38DC8D7}.Release|Any CPU.ActiveCfg = Release|Any CPU
		{56E3058B-23C7-4F1C-8E19-83C7E38DC8D7}.Release|Any CPU.Build.0 = Release|Any CPU
	EndGlobalSection
	GlobalSection(SolutionProperties) = preSolution
		HideSolutionNode = FALSE
	EndGlobalSection
	GlobalSection(ExtensibilityGlobals) = postSolution
		SolutionGuid = {2AA2C23C-4025-4265-B8D0-AE5EFF02EC8A}
	EndGlobalSection
EndGlobal
