
Microsoft Visual Studio Solution File, Format Version 12.00
# Visual Studio 15
VisualStudioVersion = 15.0.27130.2026
MinimumVisualStudioVersion = 10.0.40219.1
Project("{FAE04EC0-301F-11D3-BF4B-00C04F79EFBC}") = "WindowsForms_Mauricio_Flores_Hernandez", "WindowsForms_Mauricio_Flores_Hernandez\WindowsForms_Mauricio_Flores_Hernandez.csproj", "{C6377C13-47F7-45BF-A592-B6B028C9AF0C}"
EndProject
Global
	GlobalSection(SolutionConfigurationPlatforms) = preSolution
		Debug|Any CPU = Debug|Any CPU
		Release|Any CPU = Release|Any CPU
	EndGlobalSection
	GlobalSection(ProjectConfigurationPlatforms) = postSolution
		{C6377C13-47F7-45BF-A592-B6B028C9AF0C}.Debug|Any CPU.ActiveCfg = Debug|Any CPU
		{C6377C13-47F7-45BF-A592-B6B028C9AF0C}.Debug|Any CPU.Build.0 = Debug|Any CPU
		{C6377C13-47F7-45BF-A592-B6B028C9AF0C}.Release|Any CPU.ActiveCfg = Release|Any CPU
		{C6377C13-47F7-45BF-A592-B6B028C9AF0C}.Release|Any CPU.Build.0 = Release|Any CPU
	EndGlobalSection
	GlobalSection(SolutionProperties) = preSolution
		HideSolutionNode = FALSE
	EndGlobalSection
	GlobalSection(ExtensibilityGlobals) = postSolution
		SolutionGuid = {434F594F-6A8C-458F-A9BB-25323B63796D}
	EndGlobalSection
EndGlobal
