
Microsoft Visual Studio Solution File, Format Version 12.00
# Visual Studio 15
VisualStudioVersion = 15.0.27130.2026
MinimumVisualStudioVersion = 10.0.40219.1
Project("{FAE04EC0-301F-11D3-BF4B-00C04F79EFBC}") = "Programa3", "Programa3\Programa3.csproj", "{7C776BE7-DCCA-4CB4-B146-B22625137F01}"
EndProject
Global
	GlobalSection(SolutionConfigurationPlatforms) = preSolution
		Debug|Any CPU = Debug|Any CPU
		Release|Any CPU = Release|Any CPU
	EndGlobalSection
	GlobalSection(ProjectConfigurationPlatforms) = postSolution
		{7C776BE7-DCCA-4CB4-B146-B22625137F01}.Debug|Any CPU.ActiveCfg = Debug|Any CPU
		{7C776BE7-DCCA-4CB4-B146-B22625137F01}.Debug|Any CPU.Build.0 = Debug|Any CPU
		{7C776BE7-DCCA-4CB4-B146-B22625137F01}.Release|Any CPU.ActiveCfg = Release|Any CPU
		{7C776BE7-DCCA-4CB4-B146-B22625137F01}.Release|Any CPU.Build.0 = Release|Any CPU
	EndGlobalSection
	GlobalSection(SolutionProperties) = preSolution
		HideSolutionNode = FALSE
	EndGlobalSection
	GlobalSection(ExtensibilityGlobals) = postSolution
		SolutionGuid = {98F78460-F8C8-4309-8851-751C70400D98}
	EndGlobalSection
EndGlobal
